// !$*UTF8*$!
{
	archiveVersion = 1;
	classes = {
	};
	objectVersion = 56;
	objects = {

/* Begin PBXBuildFile section */
		9818C3A92DDC0A6800DF76E9 /* GreetingCardTutorialScreen.swift in Sources */ = {isa = PBXBuildFile; fileRef = 9818C3A82DDC0A6800DF76E9 /* GreetingCardTutorialScreen.swift */; };
		9818C3AC2E079B7B00DF76E9 /* Runestone in Frameworks */ = {isa = PBXBuildFile; productRef = 9818C3AB2E079B7B00DF76E9 /* Runestone */; };
		98A7D0632DD141F60026A51F /* Tutorial_one.swift in Sources */ = {isa = PBXBuildFile; fileRef = 98A7D0622DD141F60026A51F /* Tutorial_one.swift */; };
		98A7D0652DD1665F0026A51F /* CardTutorialScreen.swift in Sources */ = {isa = PBXBuildFile; fileRef = 98A7D0642DD1665F0026A51F /* CardTutorialScreen.swift */; };
		98B7F1EA2D8759D8005FBAE5 /* CobraApp.swift in Sources */ = {isa = PBXBuildFile; fileRef = 98B7F1E92D8759D8005FBAE5 /* CobraApp.swift */; };
		98B7F1EC2D8759D8005FBAE5 /* ContentView.swift in Sources */ = {isa = PBXBuildFile; fileRef = 98B7F1EB2D8759D8005FBAE5 /* ContentView.swift */; };
		98B7F1EE2D8759D9005FBAE5 /* Assets.xcassets in Resources */ = {isa = PBXBuildFile; fileRef = 98B7F1ED2D8759D9005FBAE5 /* Assets.xcassets */; };
		98B7F1F22D8759D9005FBAE5 /* Preview Assets.xcassets in Resources */ = {isa = PBXBuildFile; fileRef = 98B7F1F12D8759D9005FBAE5 /* Preview Assets.xcassets */; };
		98B7F1FC2D8759D9005FBAE5 /* CobraTests.swift in Sources */ = {isa = PBXBuildFile; fileRef = 98B7F1FB2D8759D9005FBAE5 /* CobraTests.swift */; };
		98B7F2062D8759D9005FBAE5 /* CobraUITests.swift in Sources */ = {isa = PBXBuildFile; fileRef = 98B7F2052D8759D9005FBAE5 /* CobraUITests.swift */; };
		98B7F2082D8759D9005FBAE5 /* CobraUITestsLaunchTests.swift in Sources */ = {isa = PBXBuildFile; fileRef = 98B7F2072D8759D9005FBAE5 /* CobraUITestsLaunchTests.swift */; };
		98B7F2152D875A20005FBAE5 /* HomeScreen.swift in Sources */ = {isa = PBXBuildFile; fileRef = 98B7F2142D875A20005FBAE5 /* HomeScreen.swift */; };
		98B7F2172D875B32005FBAE5 /* LessonScreen.swift in Sources */ = {isa = PBXBuildFile; fileRef = 98B7F2162D875B32005FBAE5 /* LessonScreen.swift */; };
		98B7F2192D875B64005FBAE5 /* UpgradePlanScreen.swift in Sources */ = {isa = PBXBuildFile; fileRef = 98B7F2182D875B64005FBAE5 /* UpgradePlanScreen.swift */; };
		98B7F21B2D875B83005FBAE5 /* DashboardScreen.swift in Sources */ = {isa = PBXBuildFile; fileRef = 98B7F21A2D875B83005FBAE5 /* DashboardScreen.swift */; };
		98B7F21D2D875B9F005FBAE5 /* ChallengesScreen.swift in Sources */ = {isa = PBXBuildFile; fileRef = 98B7F21C2D875B9F005FBAE5 /* ChallengesScreen.swift */; };
		98B7F21F2D875BD5005FBAE5 /* MainTabView.swift in Sources */ = {isa = PBXBuildFile; fileRef = 98B7F21E2D875BD5005FBAE5 /* MainTabView.swift */; };
		98B7F2212D875C1C005FBAE5 /* LeaderboardScreen.swift in Sources */ = {isa = PBXBuildFile; fileRef = 98B7F2202D875C1C005FBAE5 /* LeaderboardScreen.swift */; };
		98B7F2252D875C83005FBAE5 /* SignUpScreen.swift in Sources */ = {isa = PBXBuildFile; fileRef = 98B7F2242D875C83005FBAE5 /* SignUpScreen.swift */; };
		98B7F2272D875CA8005FBAE5 /* Color+Extension.swift in Sources */ = {isa = PBXBuildFile; fileRef = 98B7F2262D875CA8005FBAE5 /* Color+Extension.swift */; };
		98B7F2292D875CC8005FBAE5 /* OnBoardingScreen.swift in Sources */ = {isa = PBXBuildFile; fileRef = 98B7F2282D875CC8005FBAE5 /* OnBoardingScreen.swift */; };
		98B7F22B2D875CE9005FBAE5 /* ReviewScreen.swift in Sources */ = {isa = PBXBuildFile; fileRef = 98B7F22A2D875CE9005FBAE5 /* ReviewScreen.swift */; };
		98B7F22D2D875D02005FBAE5 /* UserProfileScreen.swift in Sources */ = {isa = PBXBuildFile; fileRef = 98B7F22C2D875D02005FBAE5 /* UserProfileScreen.swift */; };
		98B7F22F2D875D20005FBAE5 /* CommunityScreen.swift in Sources */ = {isa = PBXBuildFile; fileRef = 98B7F22E2D875D20005FBAE5 /* CommunityScreen.swift */; };
		98B7F2312D875D3B005FBAE5 /* SettingsScreen.swift in Sources */ = {isa = PBXBuildFile; fileRef = 98B7F2302D875D3B005FBAE5 /* SettingsScreen.swift */; };
		98B7F2332D875D51005FBAE5 /* LessonModel.swift in Sources */ = {isa = PBXBuildFile; fileRef = 98B7F2322D875D51005FBAE5 /* LessonModel.swift */; };
/* End PBXBuildFile section */

/* Begin PBXContainerItemProxy section */
		98B7F1F82D8759D9005FBAE5 /* PBXContainerItemProxy */ = {
			isa = PBXContainerItemProxy;
			containerPortal = 98B7F1DE2D8759D8005FBAE5 /* Project object */;
			proxyType = 1;
			remoteGlobalIDString = 98B7F1E52D8759D8005FBAE5;
			remoteInfo = Cobra;
		};
		98B7F2022D8759D9005FBAE5 /* PBXContainerItemProxy */ = {
			isa = PBXContainerItemProxy;
			containerPortal = 98B7F1DE2D8759D8005FBAE5 /* Project object */;
			proxyType = 1;
			remoteGlobalIDString = 98B7F1E52D8759D8005FBAE5;
			remoteInfo = Cobra;
		};
/* End PBXContainerItemProxy section */

/* Begin PBXFileReference section */
		9818C3A82DDC0A6800DF76E9 /* GreetingCardTutorialScreen.swift */ = {isa = PBXFileReference; lastKnownFileType = sourcecode.swift; path = GreetingCardTutorialScreen.swift; sourceTree = "<group>"; };
		98A7D0622DD141F60026A51F /* Tutorial_one.swift */ = {isa = PBXFileReference; lastKnownFileType = sourcecode.swift; path = Tutorial_one.swift; sourceTree = "<group>"; };
		98A7D0642DD1665F0026A51F /* CardTutorialScreen.swift */ = {isa = PBXFileReference; lastKnownFileType = sourcecode.swift; path = CardTutorialScreen.swift; sourceTree = "<group>"; };
		98B7F1E62D8759D8005FBAE5 /* Cobra.app */ = {isa = PBXFileReference; explicitFileType = wrapper.application; includeInIndex = 0; path = Cobra.app; sourceTree = BUILT_PRODUCTS_DIR; };
		98B7F1E92D8759D8005FBAE5 /* CobraApp.swift */ = {isa = PBXFileReference; lastKnownFileType = sourcecode.swift; path = CobraApp.swift; sourceTree = "<group>"; };
		98B7F1EB2D8759D8005FBAE5 /* ContentView.swift */ = {isa = PBXFileReference; lastKnownFileType = sourcecode.swift; path = ContentView.swift; sourceTree = "<group>"; };
		98B7F1ED2D8759D9005FBAE5 /* Assets.xcassets */ = {isa = PBXFileReference; lastKnownFileType = folder.assetcatalog; path = Assets.xcassets; sourceTree = "<group>"; };
		98B7F1EF2D8759D9005FBAE5 /* Cobra.entitlements */ = {isa = PBXFileReference; lastKnownFileType = text.plist.entitlements; path = Cobra.entitlements; sourceTree = "<group>"; };
		98B7F1F12D8759D9005FBAE5 /* Preview Assets.xcassets */ = {isa = PBXFileReference; lastKnownFileType = folder.assetcatalog; path = "Preview Assets.xcassets"; sourceTree = "<group>"; };
		98B7F1F72D8759D9005FBAE5 /* CobraTests.xctest */ = {isa = PBXFileReference; explicitFileType = wrapper.cfbundle; includeInIndex = 0; path = CobraTests.xctest; sourceTree = BUILT_PRODUCTS_DIR; };
		98B7F1FB2D8759D9005FBAE5 /* CobraTests.swift */ = {isa = PBXFileReference; lastKnownFileType = sourcecode.swift; path = CobraTests.swift; sourceTree = "<group>"; };
		98B7F2012D8759D9005FBAE5 /* CobraUITests.xctest */ = {isa = PBXFileReference; explicitFileType = wrapper.cfbundle; includeInIndex = 0; path = CobraUITests.xctest; sourceTree = BUILT_PRODUCTS_DIR; };
		98B7F2052D8759D9005FBAE5 /* CobraUITests.swift */ = {isa = PBXFileReference; lastKnownFileType = sourcecode.swift; path = CobraUITests.swift; sourceTree = "<group>"; };
		98B7F2072D8759D9005FBAE5 /* CobraUITestsLaunchTests.swift */ = {isa = PBXFileReference; lastKnownFileType = sourcecode.swift; path = CobraUITestsLaunchTests.swift; sourceTree = "<group>"; };
		98B7F2142D875A20005FBAE5 /* HomeScreen.swift */ = {isa = PBXFileReference; lastKnownFileType = sourcecode.swift; path = HomeScreen.swift; sourceTree = "<group>"; };
		98B7F2162D875B32005FBAE5 /* LessonScreen.swift */ = {isa = PBXFileReference; lastKnownFileType = sourcecode.swift; path = LessonScreen.swift; sourceTree = "<group>"; };
		98B7F2182D875B64005FBAE5 /* UpgradePlanScreen.swift */ = {isa = PBXFileReference; lastKnownFileType = sourcecode.swift; path = UpgradePlanScreen.swift; sourceTree = "<group>"; };
		98B7F21A2D875B83005FBAE5 /* DashboardScreen.swift */ = {isa = PBXFileReference; lastKnownFileType = sourcecode.swift; path = DashboardScreen.swift; sourceTree = "<group>"; };
		98B7F21C2D875B9F005FBAE5 /* ChallengesScreen.swift */ = {isa = PBXFileReference; lastKnownFileType = sourcecode.swift; path = ChallengesScreen.swift; sourceTree = "<group>"; };
		98B7F21E2D875BD5005FBAE5 /* MainTabView.swift */ = {isa = PBXFileReference; lastKnownFileType = sourcecode.swift; path = MainTabView.swift; sourceTree = "<group>"; };
		98B7F2202D875C1C005FBAE5 /* LeaderboardScreen.swift */ = {isa = PBXFileReference; lastKnownFileType = sourcecode.swift; path = LeaderboardScreen.swift; sourceTree = "<group>"; };
		98B7F2242D875C83005FBAE5 /* SignUpScreen.swift */ = {isa = PBXFileReference; lastKnownFileType = sourcecode.swift; path = SignUpScreen.swift; sourceTree = "<group>"; };
		98B7F2262D875CA8005FBAE5 /* Color+Extension.swift */ = {isa = PBXFileReference; lastKnownFileType = sourcecode.swift; path = "Color+Extension.swift"; sourceTree = "<group>"; };
		98B7F2282D875CC8005FBAE5 /* OnBoardingScreen.swift */ = {isa = PBXFileReference; lastKnownFileType = sourcecode.swift; path = OnBoardingScreen.swift; sourceTree = "<group>"; };
		98B7F22A2D875CE9005FBAE5 /* ReviewScreen.swift */ = {isa = PBXFileReference; lastKnownFileType = sourcecode.swift; path = ReviewScreen.swift; sourceTree = "<group>"; };
		98B7F22C2D875D02005FBAE5 /* UserProfileScreen.swift */ = {isa = PBXFileReference; lastKnownFileType = sourcecode.swift; path = UserProfileScreen.swift; sourceTree = "<group>"; };
		98B7F22E2D875D20005FBAE5 /* CommunityScreen.swift */ = {isa = PBXFileReference; lastKnownFileType = sourcecode.swift; path = CommunityScreen.swift; sourceTree = "<group>"; };
		98B7F2302D875D3B005FBAE5 /* SettingsScreen.swift */ = {isa = PBXFileReference; lastKnownFileType = sourcecode.swift; path = SettingsScreen.swift; sourceTree = "<group>"; };
		98B7F2322D875D51005FBAE5 /* LessonModel.swift */ = {isa = PBXFileReference; lastKnownFileType = sourcecode.swift; path = LessonModel.swift; sourceTree = "<group>"; };
/* End PBXFileReference section */

/* Begin PBXFrameworksBuildPhase section */
		98B7F1E32D8759D8005FBAE5 /* Frameworks */ = {
			isa = PBXFrameworksBuildPhase;
			buildActionMask = 2147483647;
			files = (
				9818C3AC2E079B7B00DF76E9 /* Runestone in Frameworks */,
			);
			runOnlyForDeploymentPostprocessing = 0;
		};
		98B7F1F42D8759D9005FBAE5 /* Frameworks */ = {
			isa = PBXFrameworksBuildPhase;
			buildActionMask = 2147483647;
			files = (
			);
			runOnlyForDeploymentPostprocessing = 0;
		};
		98B7F1FE2D8759D9005FBAE5 /* Frameworks */ = {
			isa = PBXFrameworksBuildPhase;
			buildActionMask = 2147483647;
			files = (
			);
			runOnlyForDeploymentPostprocessing = 0;
		};
/* End PBXFrameworksBuildPhase section */

/* Begin PBXGroup section */
		98B7F1DD2D8759D8005FBAE5 = {
			isa = PBXGroup;
			children = (
				9818C3A82DDC0A6800DF76E9 /* GreetingCardTutorialScreen.swift */,
				98A7D0642DD1665F0026A51F /* CardTutorialScreen.swift */,
				98A7D0622DD141F60026A51F /* Tutorial_one.swift */,
				98B7F2142D875A20005FBAE5 /* HomeScreen.swift */,
				98B7F2162D875B32005FBAE5 /* LessonScreen.swift */,
				98B7F2182D875B64005FBAE5 /* UpgradePlanScreen.swift */,
				98B7F21A2D875B83005FBAE5 /* DashboardScreen.swift */,
				98B7F21C2D875B9F005FBAE5 /* ChallengesScreen.swift */,
				98B7F21E2D875BD5005FBAE5 /* MainTabView.swift */,
				98B7F2202D875C1C005FBAE5 /* LeaderboardScreen.swift */,
				98B7F1E82D8759D8005FBAE5 /* Cobra */,
				98B7F1FA2D8759D9005FBAE5 /* CobraTests */,
				98B7F2042D8759D9005FBAE5 /* CobraUITests */,
				98B7F1E72D8759D8005FBAE5 /* Products */,
			);
			sourceTree = "<group>";
		};
		98B7F1E72D8759D8005FBAE5 /* Products */ = {
			isa = PBXGroup;
			children = (
				98B7F1E62D8759D8005FBAE5 /* Cobra.app */,
				98B7F1F72D8759D9005FBAE5 /* CobraTests.xctest */,
				98B7F2012D8759D9005FBAE5 /* CobraUITests.xctest */,
			);
			name = Products;
			sourceTree = "<group>";
		};
		98B7F1E82D8759D8005FBAE5 /* Cobra */ = {
			isa = PBXGroup;
			children = (
				98B7F1E92D8759D8005FBAE5 /* CobraApp.swift */,
				98B7F1EB2D8759D8005FBAE5 /* ContentView.swift */,
				98B7F2242D875C83005FBAE5 /* SignUpScreen.swift */,
				98B7F2262D875CA8005FBAE5 /* Color+Extension.swift */,
				98B7F2282D875CC8005FBAE5 /* OnBoardingScreen.swift */,
				98B7F22A2D875CE9005FBAE5 /* ReviewScreen.swift */,
				98B7F22C2D875D02005FBAE5 /* UserProfileScreen.swift */,
				98B7F22E2D875D20005FBAE5 /* CommunityScreen.swift */,
				98B7F2302D875D3B005FBAE5 /* SettingsScreen.swift */,
				98B7F2322D875D51005FBAE5 /* LessonModel.swift */,
				98B7F1ED2D8759D9005FBAE5 /* Assets.xcassets */,
				98B7F1EF2D8759D9005FBAE5 /* Cobra.entitlements */,
				98B7F1F02D8759D9005FBAE5 /* Preview Content */,
			);
			path = Cobra;
			sourceTree = "<group>";
		};
		98B7F1F02D8759D9005FBAE5 /* Preview Content */ = {
			isa = PBXGroup;
			children = (
				98B7F1F12D8759D9005FBAE5 /* Preview Assets.xcassets */,
			);
			path = "Preview Content";
			sourceTree = "<group>";
		};
		98B7F1FA2D8759D9005FBAE5 /* CobraTests */ = {
			isa = PBXGroup;
			children = (
				98B7F1FB2D8759D9005FBAE5 /* CobraTests.swift */,
			);
			path = CobraTests;
			sourceTree = "<group>";
		};
		98B7F2042D8759D9005FBAE5 /* CobraUITests */ = {
			isa = PBXGroup;
			children = (
				98B7F2052D8759D9005FBAE5 /* CobraUITests.swift */,
				98B7F2072D8759D9005FBAE5 /* CobraUITestsLaunchTests.swift */,
			);
			path = CobraUITests;
			sourceTree = "<group>";
		};
/* End PBXGroup section */

/* Begin PBXNativeTarget section */
		98B7F1E52D8759D8005FBAE5 /* Cobra */ = {
			isa = PBXNativeTarget;
			buildConfigurationList = 98B7F20B2D8759D9005FBAE5 /* Build configuration list for PBXNativeTarget "Cobra" */;
			buildPhases = (
				98B7F1E22D8759D8005FBAE5 /* Sources */,
				98B7F1E32D8759D8005FBAE5 /* Frameworks */,
				98B7F1E42D8759D8005FBAE5 /* Resources */,
			);
			buildRules = (
			);
			dependencies = (
			);
			name = Cobra;
			packageProductDependencies = (
				9818C3AB2E079B7B00DF76E9 /* Runestone */,
			);
			productName = Cobra;
			productReference = 98B7F1E62D8759D8005FBAE5 /* Cobra.app */;
			productType = "com.apple.product-type.application";
		};
		98B7F1F62D8759D9005FBAE5 /* CobraTests */ = {
			isa = PBXNativeTarget;
			buildConfigurationList = 98B7F20E2D8759D9005FBAE5 /* Build configuration list for PBXNativeTarget "CobraTests" */;
			buildPhases = (
				98B7F1F32D8759D9005FBAE5 /* Sources */,
				98B7F1F42D8759D9005FBAE5 /* Frameworks */,
				98B7F1F52D8759D9005FBAE5 /* Resources */,
			);
			buildRules = (
			);
			dependencies = (
				98B7F1F92D8759D9005FBAE5 /* PBXTargetDependency */,
			);
			name = CobraTests;
			productName = CobraTests;
			productReference = 98B7F1F72D8759D9005FBAE5 /* CobraTests.xctest */;
			productType = "com.apple.product-type.bundle.unit-test";
		};
		98B7F2002D8759D9005FBAE5 /* CobraUITests */ = {
			isa = PBXNativeTarget;
			buildConfigurationList = 98B7F2112D8759D9005FBAE5 /* Build configuration list for PBXNativeTarget "CobraUITests" */;
			buildPhases = (
				98B7F1FD2D8759D9005FBAE5 /* Sources */,
				98B7F1FE2D8759D9005FBAE5 /* Frameworks */,
				98B7F1FF2D8759D9005FBAE5 /* Resources */,
			);
			buildRules = (
			);
			dependencies = (
				98B7F2032D8759D9005FBAE5 /* PBXTargetDependency */,
			);
			name = CobraUITests;
			productName = CobraUITests;
			productReference = 98B7F2012D8759D9005FBAE5 /* CobraUITests.xctest */;
			productType = "com.apple.product-type.bundle.ui-testing";
		};
/* End PBXNativeTarget section */

/* Begin PBXProject section */
		98B7F1DE2D8759D8005FBAE5 /* Project object */ = {
			isa = PBXProject;
			attributes = {
				BuildIndependentTargetsInParallel = 1;
				LastSwiftUpdateCheck = 1430;
				LastUpgradeCheck = 1430;
				TargetAttributes = {
					98B7F1E52D8759D8005FBAE5 = {
						CreatedOnToolsVersion = 14.3.1;
					};
					98B7F1F62D8759D9005FBAE5 = {
						CreatedOnToolsVersion = 14.3.1;
						TestTargetID = 98B7F1E52D8759D8005FBAE5;
					};
					98B7F2002D8759D9005FBAE5 = {
						CreatedOnToolsVersion = 14.3.1;
						TestTargetID = 98B7F1E52D8759D8005FBAE5;
					};
				};
			};
			buildConfigurationList = 98B7F1E12D8759D8005FBAE5 /* Build configuration list for PBXProject "Cobra" */;
			compatibilityVersion = "Xcode 14.0";
			developmentRegion = en;
			hasScannedForEncodings = 0;
			knownRegions = (
				en,
				Base,
			);
			mainGroup = 98B7F1DD2D8759D8005FBAE5;
			packageReferences = (
				9818C3AA2E079B7B00DF76E9 /* XCRemoteSwiftPackageReference "Runestone" */,
			);
			productRefGroup = 98B7F1E72D8759D8005FBAE5 /* Products */;
			projectDirPath = "";
			projectRoot = "";
			targets = (
				98B7F1E52D8759D8005FBAE5 /* Cobra */,
				98B7F1F62D8759D9005FBAE5 /* CobraTests */,
				98B7F2002D8759D9005FBAE5 /* CobraUITests */,
			);
		};
/* End PBXProject section */

/* Begin PBXResourcesBuildPhase section */
		98B7F1E42D8759D8005FBAE5 /* Resources */ = {
			isa = PBXResourcesBuildPhase;
			buildActionMask = 2147483647;
			files = (
				98B7F1F22D8759D9005FBAE5 /* Preview Assets.xcassets in Resources */,
				98B7F1EE2D8759D9005FBAE5 /* Assets.xcassets in Resources */,
			);
			runOnlyForDeploymentPostprocessing = 0;
		};
		98B7F1F52D8759D9005FBAE5 /* Resources */ = {
			isa = PBXResourcesBuildPhase;
			buildActionMask = 2147483647;
			files = (
			);
			runOnlyForDeploymentPostprocessing = 0;
		};
		98B7F1FF2D8759D9005FBAE5 /* Resources */ = {
			isa = PBXResourcesBuildPhase;
			buildActionMask = 2147483647;
			files = (
			);
			runOnlyForDeploymentPostprocessing = 0;
		};
/* End PBXResourcesBuildPhase section */

/* Begin PBXSourcesBuildPhase section */
		98B7F1E22D8759D8005FBAE5 /* Sources */ = {
			isa = PBXSourcesBuildPhase;
			buildActionMask = 2147483647;
			files = (
				98B7F2312D875D3B005FBAE5 /* SettingsScreen.swift in Sources */,
				98B7F22D2D875D02005FBAE5 /* UserProfileScreen.swift in Sources */,
				98B7F2292D875CC8005FBAE5 /* OnBoardingScreen.swift in Sources */,
				98B7F2192D875B64005FBAE5 /* UpgradePlanScreen.swift in Sources */,
				9818C3A92DDC0A6800DF76E9 /* GreetingCardTutorialScreen.swift in Sources */,
				98A7D0632DD141F60026A51F /* Tutorial_one.swift in Sources */,
				98B7F22F2D875D20005FBAE5 /* CommunityScreen.swift in Sources */,
				98A7D0652DD1665F0026A51F /* CardTutorialScreen.swift in Sources */,
				98B7F1EC2D8759D8005FBAE5 /* ContentView.swift in Sources */,
				98B7F21B2D875B83005FBAE5 /* DashboardScreen.swift in Sources */,
				98B7F21F2D875BD5005FBAE5 /* MainTabView.swift in Sources */,
				98B7F21D2D875B9F005FBAE5 /* ChallengesScreen.swift in Sources */,
				98B7F2252D875C83005FBAE5 /* SignUpScreen.swift in Sources */,
				98B7F2212D875C1C005FBAE5 /* LeaderboardScreen.swift in Sources */,
				98B7F2172D875B32005FBAE5 /* LessonScreen.swift in Sources */,
				98B7F1EA2D8759D8005FBAE5 /* CobraApp.swift in Sources */,
				98B7F2272D875CA8005FBAE5 /* Color+Extension.swift in Sources */,
				98B7F2152D875A20005FBAE5 /* HomeScreen.swift in Sources */,
				98B7F22B2D875CE9005FBAE5 /* ReviewScreen.swift in Sources */,
				98B7F2332D875D51005FBAE5 /* LessonModel.swift in Sources */,
			);
			runOnlyForDeploymentPostprocessing = 0;
		};
		98B7F1F32D8759D9005FBAE5 /* Sources */ = {
			isa = PBXSourcesBuildPhase;
			buildActionMask = 2147483647;
			files = (
				98B7F1FC2D8759D9005FBAE5 /* CobraTests.swift in Sources */,
			);
			runOnlyForDeploymentPostprocessing = 0;
		};
		98B7F1FD2D8759D9005FBAE5 /* Sources */ = {
			isa = PBXSourcesBuildPhase;
			buildActionMask = 2147483647;
			files = (
				98B7F2082D8759D9005FBAE5 /* CobraUITestsLaunchTests.swift in Sources */,
				98B7F2062D8759D9005FBAE5 /* CobraUITests.swift in Sources */,
			);
			runOnlyForDeploymentPostprocessing = 0;
		};
/* End PBXSourcesBuildPhase section */

/* Begin PBXTargetDependency section */
		98B7F1F92D8759D9005FBAE5 /* PBXTargetDependency */ = {
			isa = PBXTargetDependency;
			target = 98B7F1E52D8759D8005FBAE5 /* Cobra */;
			targetProxy = 98B7F1F82D8759D9005FBAE5 /* PBXContainerItemProxy */;
		};
		98B7F2032D8759D9005FBAE5 /* PBXTargetDependency */ = {
			isa = PBXTargetDependency;
			target = 98B7F1E52D8759D8005FBAE5 /* Cobra */;
			targetProxy = 98B7F2022D8759D9005FBAE5 /* PBXContainerItemProxy */;
		};
/* End PBXTargetDependency section */

/* Begin XCBuildConfiguration section */
		98B7F2092D8759D9005FBAE5 /* Debug */ = {
			isa = XCBuildConfiguration;
			buildSettings = {
				ALWAYS_SEARCH_USER_PATHS = NO;
				CLANG_ANALYZER_NONNULL = YES;
				CLANG_ANALYZER_NUMBER_OBJECT_CONVERSION = YES_AGGRESSIVE;
				CLANG_CXX_LANGUAGE_STANDARD = "gnu++20";
				CLANG_ENABLE_MODULES = YES;
				CLANG_ENABLE_OBJC_ARC = YES;
				CLANG_ENABLE_OBJC_WEAK = YES;
				CLANG_WARN_BLOCK_CAPTURE_AUTORELEASING = YES;
				CLANG_WARN_BOOL_CONVERSION = YES;
				CLANG_WARN_COMMA = YES;
				CLANG_WARN_CONSTANT_CONVERSION = YES;
				CLANG_WARN_DEPRECATED_OBJC_IMPLEMENTATIONS = YES;
				CLANG_WARN_DIRECT_OBJC_ISA_USAGE = YES_ERROR;
				CLANG_WARN_DOCUMENTATION_COMMENTS = YES;
				CLANG_WARN_EMPTY_BODY = YES;
				CLANG_WARN_ENUM_CONVERSION = YES;
				CLANG_WARN_INFINITE_RECURSION = YES;
				CLANG_WARN_INT_CONVERSION = YES;
				CLANG_WARN_NON_LITERAL_NULL_CONVERSION = YES;
				CLANG_WARN_OBJC_IMPLICIT_RETAIN_SELF = YES;
				CLANG_WARN_OBJC_LITERAL_CONVERSION = YES;
				CLANG_WARN_OBJC_ROOT_CLASS = YES_ERROR;
				CLANG_WARN_QUOTED_INCLUDE_IN_FRAMEWORK_HEADER = YES;
				CLANG_WARN_RANGE_LOOP_ANALYSIS = YES;
				CLANG_WARN_STRICT_PROTOTYPES = YES;
				CLANG_WARN_SUSPICIOUS_MOVE = YES;
				CLANG_WARN_UNGUARDED_AVAILABILITY = YES_AGGRESSIVE;
				CLANG_WARN_UNREACHABLE_CODE = YES;
				CLANG_WARN__DUPLICATE_METHOD_MATCH = YES;
				COPY_PHASE_STRIP = NO;
				DEBUG_INFORMATION_FORMAT = dwarf;
				ENABLE_STRICT_OBJC_MSGSEND = YES;
				ENABLE_TESTABILITY = YES;
				GCC_C_LANGUAGE_STANDARD = gnu11;
				GCC_DYNAMIC_NO_PIC = NO;
				GCC_NO_COMMON_BLOCKS = YES;
				GCC_OPTIMIZATION_LEVEL = 0;
				GCC_PREPROCESSOR_DEFINITIONS = (
					"DEBUG=1",
					"$(inherited)",
				);
				GCC_WARN_64_TO_32_BIT_CONVERSION = YES;
				GCC_WARN_ABOUT_RETURN_TYPE = YES_ERROR;
				GCC_WARN_UNDECLARED_SELECTOR = YES;
				GCC_WARN_UNINITIALIZED_AUTOS = YES_AGGRESSIVE;
				GCC_WARN_UNUSED_FUNCTION = YES;
				GCC_WARN_UNUSED_VARIABLE = YES;
				MTL_ENABLE_DEBUG_INFO = INCLUDE_SOURCE;
				MTL_FAST_MATH = YES;
				ONLY_ACTIVE_ARCH = YES;
				SWIFT_ACTIVE_COMPILATION_CONDITIONS = DEBUG;
				SWIFT_OPTIMIZATION_LEVEL = "-Onone";
			};
			name = Debug;
		};
		98B7F20A2D8759D9005FBAE5 /* Release */ = {
			isa = XCBuildConfiguration;
			buildSettings = {
				ALWAYS_SEARCH_USER_PATHS = NO;
				CLANG_ANALYZER_NONNULL = YES;
				CLANG_ANALYZER_NUMBER_OBJECT_CONVERSION = YES_AGGRESSIVE;
				CLANG_CXX_LANGUAGE_STANDARD = "gnu++20";
				CLANG_ENABLE_MODULES = YES;
				CLANG_ENABLE_OBJC_ARC = YES;
				CLANG_ENABLE_OBJC_WEAK = YES;
				CLANG_WARN_BLOCK_CAPTURE_AUTORELEASING = YES;
				CLANG_WARN_BOOL_CONVERSION = YES;
				CLANG_WARN_COMMA = YES;
				CLANG_WARN_CONSTANT_CONVERSION = YES;
				CLANG_WARN_DEPRECATED_OBJC_IMPLEMENTATIONS = YES;
				CLANG_WARN_DIRECT_OBJC_ISA_USAGE = YES_ERROR;
				CLANG_WARN_DOCUMENTATION_COMMENTS = YES;
				CLANG_WARN_EMPTY_BODY = YES;
				CLANG_WARN_ENUM_CONVERSION = YES;
				CLANG_WARN_INFINITE_RECURSION = YES;
				CLANG_WARN_INT_CONVERSION = YES;
				CLANG_WARN_NON_LITERAL_NULL_CONVERSION = YES;
				CLANG_WARN_OBJC_IMPLICIT_RETAIN_SELF = YES;
				CLANG_WARN_OBJC_LITERAL_CONVERSION = YES;
				CLANG_WARN_OBJC_ROOT_CLASS = YES_ERROR;
				CLANG_WARN_QUOTED_INCLUDE_IN_FRAMEWORK_HEADER = YES;
				CLANG_WARN_RANGE_LOOP_ANALYSIS = YES;
				CLANG_WARN_STRICT_PROTOTYPES = YES;
				CLANG_WARN_SUSPICIOUS_MOVE = YES;
				CLANG_WARN_UNGUARDED_AVAILABILITY = YES_AGGRESSIVE;
				CLANG_WARN_UNREACHABLE_CODE = YES;
				CLANG_WARN__DUPLICATE_METHOD_MATCH = YES;
				COPY_PHASE_STRIP = NO;
				DEBUG_INFORMATION_FORMAT = "dwarf-with-dsym";
				ENABLE_NS_ASSERTIONS = NO;
				ENABLE_STRICT_OBJC_MSGSEND = YES;
				GCC_C_LANGUAGE_STANDARD = gnu11;
				GCC_NO_COMMON_BLOCKS = YES;
				GCC_WARN_64_TO_32_BIT_CONVERSION = YES;
				GCC_WARN_ABOUT_RETURN_TYPE = YES_ERROR;
				GCC_WARN_UNDECLARED_SELECTOR = YES;
				GCC_WARN_UNINITIALIZED_AUTOS = YES_AGGRESSIVE;
				GCC_WARN_UNUSED_FUNCTION = YES;
				GCC_WARN_UNUSED_VARIABLE = YES;
				MTL_ENABLE_DEBUG_INFO = NO;
				MTL_FAST_MATH = YES;
				SWIFT_COMPILATION_MODE = wholemodule;
				SWIFT_OPTIMIZATION_LEVEL = "-O";
			};
			name = Release;
		};
		98B7F20C2D8759D9005FBAE5 /* Debug */ = {
			isa = XCBuildConfiguration;
			buildSettings = {
				ASSETCATALOG_COMPILER_APPICON_NAME = AppIcon;
				ASSETCATALOG_COMPILER_GLOBAL_ACCENT_COLOR_NAME = AccentColor;
				CODE_SIGN_ENTITLEMENTS = Cobra/Cobra.entitlements;
				CODE_SIGN_STYLE = Automatic;
				CURRENT_PROJECT_VERSION = 1;
				DEVELOPMENT_ASSET_PATHS = "\"Cobra/Preview Content\"";
				ENABLE_PREVIEWS = YES;
				GENERATE_INFOPLIST_FILE = YES;
				"INFOPLIST_KEY_UIApplicationSceneManifest_Generation[sdk=iphoneos*]" = YES;
				"INFOPLIST_KEY_UIApplicationSceneManifest_Generation[sdk=iphonesimulator*]" = YES;
				"INFOPLIST_KEY_UIApplicationSupportsIndirectInputEvents[sdk=iphoneos*]" = YES;
				"INFOPLIST_KEY_UIApplicationSupportsIndirectInputEvents[sdk=iphonesimulator*]" = YES;
				"INFOPLIST_KEY_UILaunchScreen_Generation[sdk=iphoneos*]" = YES;
				"INFOPLIST_KEY_UILaunchScreen_Generation[sdk=iphonesimulator*]" = YES;
				"INFOPLIST_KEY_UIStatusBarStyle[sdk=iphoneos*]" = UIStatusBarStyleDefault;
				"INFOPLIST_KEY_UIStatusBarStyle[sdk=iphonesimulator*]" = UIStatusBarStyleDefault;
				INFOPLIST_KEY_UISupportedInterfaceOrientations_iPad = "UIInterfaceOrientationPortrait UIInterfaceOrientationPortraitUpsideDown UIInterfaceOrientationLandscapeLeft UIInterfaceOrientationLandscapeRight";
				INFOPLIST_KEY_UISupportedInterfaceOrientations_iPhone = "UIInterfaceOrientationPortrait UIInterfaceOrientationLandscapeLeft UIInterfaceOrientationLandscapeRight";
				IPHONEOS_DEPLOYMENT_TARGET = 16.4;
				LD_RUNPATH_SEARCH_PATHS = "@executable_path/Frameworks";
				"LD_RUNPATH_SEARCH_PATHS[sdk=macosx*]" = "@executable_path/../Frameworks";
				MACOSX_DEPLOYMENT_TARGET = 13.3;
				MARKETING_VERSION = 1.0;
				PRODUCT_BUNDLE_IDENTIFIER = com.Taruna.Cobra;
				PRODUCT_NAME = "$(TARGET_NAME)";
				SDKROOT = auto;
				SUPPORTED_PLATFORMS = "iphoneos iphonesimulator macosx";
				SWIFT_EMIT_LOC_STRINGS = YES;
				SWIFT_VERSION = 5.0;
				TARGETED_DEVICE_FAMILY = "1,2";
			};
			name = Debug;
		};
		98B7F20D2D8759D9005FBAE5 /* Release */ = {
			isa = XCBuildConfiguration;
			buildSettings = {
				ASSETCATALOG_COMPILER_APPICON_NAME = AppIcon;
				ASSETCATALOG_COMPILER_GLOBAL_ACCENT_COLOR_NAME = AccentColor;
				CODE_SIGN_ENTITLEMENTS = Cobra/Cobra.entitlements;
				CODE_SIGN_STYLE = Automatic;
				CURRENT_PROJECT_VERSION = 1;
				DEVELOPMENT_ASSET_PATHS = "\"Cobra/Preview Content\"";
				ENABLE_PREVIEWS = YES;
				GENERATE_INFOPLIST_FILE = YES;
				"INFOPLIST_KEY_UIApplicationSceneManifest_Generation[sdk=iphoneos*]" = YES;
				"INFOPLIST_KEY_UIApplicationSceneManifest_Generation[sdk=iphonesimulator*]" = YES;
				"INFOPLIST_KEY_UIApplicationSupportsIndirectInputEvents[sdk=iphoneos*]" = YES;
				"INFOPLIST_KEY_UIApplicationSupportsIndirectInputEvents[sdk=iphonesimulator*]" = YES;
				"INFOPLIST_KEY_UILaunchScreen_Generation[sdk=iphoneos*]" = YES;
				"INFOPLIST_KEY_UILaunchScreen_Generation[sdk=iphonesimulator*]" = YES;
				"INFOPLIST_KEY_UIStatusBarStyle[sdk=iphoneos*]" = UIStatusBarStyleDefault;
				"INFOPLIST_KEY_UIStatusBarStyle[sdk=iphonesimulator*]" = UIStatusBarStyleDefault;
				INFOPLIST_KEY_UISupportedInterfaceOrientations_iPad = "UIInterfaceOrientationPortrait UIInterfaceOrientationPortraitUpsideDown UIInterfaceOrientationLandscapeLeft UIInterfaceOrientationLandscapeRight";
				INFOPLIST_KEY_UISupportedInterfaceOrientations_iPhone = "UIInterfaceOrientationPortrait UIInterfaceOrientationLandscapeLeft UIInterfaceOrientationLandscapeRight";
				IPHONEOS_DEPLOYMENT_TARGET = 16.4;
				LD_RUNPATH_SEARCH_PATHS = "@executable_path/Frameworks";
				"LD_RUNPATH_SEARCH_PATHS[sdk=macosx*]" = "@executable_path/../Frameworks";
				MACOSX_DEPLOYMENT_TARGET = 13.3;
				MARKETING_VERSION = 1.0;
				PRODUCT_BUNDLE_IDENTIFIER = com.Taruna.Cobra;
				PRODUCT_NAME = "$(TARGET_NAME)";
				SDKROOT = auto;
				SUPPORTED_PLATFORMS = "iphoneos iphonesimulator macosx";
				SWIFT_EMIT_LOC_STRINGS = YES;
				SWIFT_VERSION = 5.0;
				TARGETED_DEVICE_FAMILY = "1,2";
			};
			name = Release;
		};
		98B7F20F2D8759D9005FBAE5 /* Debug */ = {
			isa = XCBuildConfiguration;
			buildSettings = {
				ALWAYS_EMBED_SWIFT_STANDARD_LIBRARIES = YES;
				BUNDLE_LOADER = "$(TEST_HOST)";
				CODE_SIGN_STYLE = Automatic;
				CURRENT_PROJECT_VERSION = 1;
				GENERATE_INFOPLIST_FILE = YES;
				IPHONEOS_DEPLOYMENT_TARGET = 16.4;
				MACOSX_DEPLOYMENT_TARGET = 13.3;
				MARKETING_VERSION = 1.0;
				PRODUCT_BUNDLE_IDENTIFIER = com.Taruna.CobraTests;
				PRODUCT_NAME = "$(TARGET_NAME)";
				SDKROOT = auto;
				SUPPORTED_PLATFORMS = "iphoneos iphonesimulator macosx";
				SWIFT_EMIT_LOC_STRINGS = NO;
				SWIFT_VERSION = 5.0;
				TARGETED_DEVICE_FAMILY = "1,2";
				TEST_HOST = "$(BUILT_PRODUCTS_DIR)/Cobra.app/$(BUNDLE_EXECUTABLE_FOLDER_PATH)/Cobra";
			};
			name = Debug;
		};
		98B7F2102D8759D9005FBAE5 /* Release */ = {
			isa = XCBuildConfiguration;
			buildSettings = {
				ALWAYS_EMBED_SWIFT_STANDARD_LIBRARIES = YES;
				BUNDLE_LOADER = "$(TEST_HOST)";
				CODE_SIGN_STYLE = Automatic;
				CURRENT_PROJECT_VERSION = 1;
				GENERATE_INFOPLIST_FILE = YES;
				IPHONEOS_DEPLOYMENT_TARGET = 16.4;
				MACOSX_DEPLOYMENT_TARGET = 13.3;
				MARKETING_VERSION = 1.0;
				PRODUCT_BUNDLE_IDENTIFIER = com.Taruna.CobraTests;
				PRODUCT_NAME = "$(TARGET_NAME)";
				SDKROOT = auto;
				SUPPORTED_PLATFORMS = "iphoneos iphonesimulator macosx";
				SWIFT_EMIT_LOC_STRINGS = NO;
				SWIFT_VERSION = 5.0;
				TARGETED_DEVICE_FAMILY = "1,2";
				TEST_HOST = "$(BUILT_PRODUCTS_DIR)/Cobra.app/$(BUNDLE_EXECUTABLE_FOLDER_PATH)/Cobra";
			};
			name = Release;
		};
		98B7F2122D8759D9005FBAE5 /* Debug */ = {
			isa = XCBuildConfiguration;
			buildSettings = {
				ALWAYS_EMBED_SWIFT_STANDARD_LIBRARIES = YES;
				CODE_SIGN_STYLE = Automatic;
				CURRENT_PROJECT_VERSION = 1;
				GENERATE_INFOPLIST_FILE = YES;
				IPHONEOS_DEPLOYMENT_TARGET = 16.4;
				MACOSX_DEPLOYMENT_TARGET = 13.3;
				MARKETING_VERSION = 1.0;
				PRODUCT_BUNDLE_IDENTIFIER = com.Taruna.CobraUITests;
				PRODUCT_NAME = "$(TARGET_NAME)";
				SDKROOT = auto;
				SUPPORTED_PLATFORMS = "iphoneos iphonesimulator macosx";
				SWIFT_EMIT_LOC_STRINGS = NO;
				SWIFT_VERSION = 5.0;
				TARGETED_DEVICE_FAMILY = "1,2";
				TEST_TARGET_NAME = Cobra;
			};
			name = Debug;
		};
		98B7F2132D8759D9005FBAE5 /* Release */ = {
			isa = XCBuildConfiguration;
			buildSettings = {
				ALWAYS_EMBED_SWIFT_STANDARD_LIBRARIES = YES;
				CODE_SIGN_STYLE = Automatic;
				CURRENT_PROJECT_VERSION = 1;
				GENERATE_INFOPLIST_FILE = YES;
				IPHONEOS_DEPLOYMENT_TARGET = 16.4;
				MACOSX_DEPLOYMENT_TARGET = 13.3;
				MARKETING_VERSION = 1.0;
				PRODUCT_BUNDLE_IDENTIFIER = com.Taruna.CobraUITests;
				PRODUCT_NAME = "$(TARGET_NAME)";
				SDKROOT = auto;
				SUPPORTED_PLATFORMS = "iphoneos iphonesimulator macosx";
				SWIFT_EMIT_LOC_STRINGS = NO;
				SWIFT_VERSION = 5.0;
				TARGETED_DEVICE_FAMILY = "1,2";
				TEST_TARGET_NAME = Cobra;
			};
			name = Release;
		};
/* End XCBuildConfiguration section */

/* Begin XCConfigurationList section */
		98B7F1E12D8759D8005FBAE5 /* Build configuration list for PBXProject "Cobra" */ = {
			isa = XCConfigurationList;
			buildConfigurations = (
				98B7F2092D8759D9005FBAE5 /* Debug */,
				98B7F20A2D8759D9005FBAE5 /* Release */,
			);
			defaultConfigurationIsVisible = 0;
			defaultConfigurationName = Release;
		};
		98B7F20B2D8759D9005FBAE5 /* Build configuration list for PBXNativeTarget "Cobra" */ = {
			isa = XCConfigurationList;
			buildConfigurations = (
				98B7F20C2D8759D9005FBAE5 /* Debug */,
				98B7F20D2D8759D9005FBAE5 /* Release */,
			);
			defaultConfigurationIsVisible = 0;
			defaultConfigurationName = Release;
		};
		98B7F20E2D8759D9005FBAE5 /* Build configuration list for PBXNativeTarget "CobraTests" */ = {
			isa = XCConfigurationList;
			buildConfigurations = (
				98B7F20F2D8759D9005FBAE5 /* Debug */,
				98B7F2102D8759D9005FBAE5 /* Release */,
			);
			defaultConfigurationIsVisible = 0;
			defaultConfigurationName = Release;
		};
		98B7F2112D8759D9005FBAE5 /* Build configuration list for PBXNativeTarget "CobraUITests" */ = {
			isa = XCConfigurationList;
			buildConfigurations = (
				98B7F2122D8759D9005FBAE5 /* Debug */,
				98B7F2132D8759D9005FBAE5 /* Release */,
			);
			defaultConfigurationIsVisible = 0;
			defaultConfigurationName = Release;
		};
/* End XCConfigurationList section */

/* Begin XCRemoteSwiftPackageReference section */
		9818C3AA2E079B7B00DF76E9 /* XCRemoteSwiftPackageReference "Runestone" */ = {
			isa = XCRemoteSwiftPackageReference;
			repositoryURL = "https://github.com/simonbs/Runestone";
			requirement = {
				kind = upToNextMajorVersion;
				minimumVersion = 0.5.1;
			};
		};
/* End XCRemoteSwiftPackageReference section */

/* Begin XCSwiftPackageProductDependency section */
		9818C3AB2E079B7B00DF76E9 /* Runestone */ = {
			isa = XCSwiftPackageProductDependency;
			package = 9818C3AA2E079B7B00DF76E9 /* XCRemoteSwiftPackageReference "Runestone" */;
			productName = Runestone;
		};
/* End XCSwiftPackageProductDependency section */
	};
	rootObject = 98B7F1DE2D8759D8005FBAE5 /* Project object */;
}
